
Microsoft Visual Studio Solution File, Format Version 12.00
# Visual Studio Version 16
VisualStudioVersion = 16.0.30907.101
MinimumVisualStudioVersion = 10.0.40219.1
Project("{FAE04EC0-301F-11D3-BF4B-00C04F79EFBC}") = "WebFormsHotel", "WebFormsHotel\WebFormsHotel.csproj", "{BB327C7F-A42C-4BD6-BA28-3E9881DA5BEF}"
EndProject
Project("{FAE04EC0-301F-11D3-BF4B-00C04F79EFBC}") = "DesktopWPFHotel", "DesktopWPFHotel\DesktopWPFHotel.csproj", "{6D2761A0-07D7-4A37-9A77-4DF67842DD98}"
EndProject
Project("{FAE04EC0-301F-11D3-BF4B-00C04F79EFBC}") = "ClassLibraryHotel", "ClassLibraryHotel\ClassLibraryHotel.csproj", "{53C1F92F-D23D-4C2E-A481-08E4818DEFDA}"
EndProject
Project("{FAE04EC0-301F-11D3-BF4B-00C04F79EFBC}") = "UWPHotel", "UWPHotel\UWPHotel.csproj", "{3D1A2A04-A60D-48F7-AF9E-CC058A64664E}"
EndProject
Project("{FAE04EC0-301F-11D3-BF4B-00C04F79EFBC}") = "ClassLibraryStandardHotel", "ClassLibraryStandardHotel\ClassLibraryStandardHotel.csproj", "{FE79A1E3-3786-415C-9BE9-7627D741A154}"
EndProject
Global
	GlobalSection(SolutionConfigurationPlatforms) = preSolution
		Debug|Any CPU = Debug|Any CPU
		Debug|ARM = Debug|ARM
		Debug|ARM64 = Debug|ARM64
		Debug|x64 = Debug|x64
		Debug|x86 = Debug|x86
		Release|Any CPU = Release|Any CPU
		Release|ARM = Release|ARM
		Release|ARM64 = Release|ARM64
		Release|x64 = Release|x64
		Release|x86 = Release|x86
	EndGlobalSection
	GlobalSection(ProjectConfigurationPlatforms) = postSolution
		{BB327C7F-A42C-4BD6-BA28-3E9881DA5BEF}.Debug|Any CPU.ActiveCfg = Debug|Any CPU
		{BB327C7F-A42C-4BD6-BA28-3E9881DA5BEF}.Debug|Any CPU.Build.0 = Debug|Any CPU
		{BB327C7F-A42C-4BD6-BA28-3E9881DA5BEF}.Debug|ARM.ActiveCfg = Debug|Any CPU
		{BB327C7F-A42C-4BD6-BA28-3E9881DA5BEF}.Debug|ARM.Build.0 = Debug|Any CPU
		{BB327C7F-A42C-4BD6-BA28-3E9881DA5BEF}.Debug|ARM64.ActiveCfg = Debug|Any CPU
		{BB327C7F-A42C-4BD6-BA28-3E9881DA5BEF}.Debug|ARM64.Build.0 = Debug|Any CPU
		{BB327C7F-A42C-4BD6-BA28-3E9881DA5BEF}.Debug|x64.ActiveCfg = Debug|Any CPU
		{BB327C7F-A42C-4BD6-BA28-3E9881DA5BEF}.Debug|x64.Build.0 = Debug|Any CPU
		{BB327C7F-A42C-4BD6-BA28-3E9881DA5BEF}.Debug|x86.ActiveCfg = Debug|Any CPU
		{BB327C7F-A42C-4BD6-BA28-3E9881DA5BEF}.Debug|x86.Build.0 = Debug|Any CPU
		{BB327C7F-A42C-4BD6-BA28-3E9881DA5BEF}.Release|Any CPU.ActiveCfg = Release|Any CPU
		{BB327C7F-A42C-4BD6-BA28-3E9881DA5BEF}.Release|Any CPU.Build.0 = Release|Any CPU
		{BB327C7F-A42C-4BD6-BA28-3E9881DA5BEF}.Release|ARM.ActiveCfg = Release|Any CPU
		{BB327C7F-A42C-4BD6-BA28-3E9881DA5BEF}.Release|ARM.Build.0 = Release|Any CPU
		{BB327C7F-A42C-4BD6-BA28-3E9881DA5BEF}.Release|ARM64.ActiveCfg = Release|Any CPU
		{BB327C7F-A42C-4BD6-BA28-3E9881DA5BEF}.Release|ARM64.Build.0 = Release|Any CPU
		{BB327C7F-A42C-4BD6-BA28-3E9881DA5BEF}.Release|x64.ActiveCfg = Release|Any CPU
		{BB327C7F-A42C-4BD6-BA28-3E9881DA5BEF}.Release|x64.Build.0 = Release|Any CPU
		{BB327C7F-A42C-4BD6-BA28-3E9881DA5BEF}.Release|x86.ActiveCfg = Release|Any CPU
		{BB327C7F-A42C-4BD6-BA28-3E9881DA5BEF}.Release|x86.Build.0 = Release|Any CPU
		{6D2761A0-07D7-4A37-9A77-4DF67842DD98}.Debug|Any CPU.ActiveCfg = Debug|Any CPU
		{6D2761A0-07D7-4A37-9A77-4DF67842DD98}.Debug|Any CPU.Build.0 = Debug|Any CPU
		{6D2761A0-07D7-4A37-9A77-4DF67842DD98}.Debug|ARM.ActiveCfg = Debug|Any CPU
		{6D2761A0-07D7-4A37-9A77-4DF67842DD98}.Debug|ARM.Build.0 = Debug|Any CPU
		{6D2761A0-07D7-4A37-9A77-4DF67842DD98}.Debug|ARM64.ActiveCfg = Debug|Any CPU
		{6D2761A0-07D7-4A37-9A77-4DF67842DD98}.Debug|ARM64.Build.0 = Debug|Any CPU
		{6D2761A0-07D7-4A37-9A77-4DF67842DD98}.Debug|x64.ActiveCfg = Debug|Any CPU
		{6D2761A0-07D7-4A37-9A77-4DF67842DD98}.Debug|x64.Build.0 = Debug|Any CPU
		{6D2761A0-07D7-4A37-9A77-4DF67842DD98}.Debug|x86.ActiveCfg = Debug|Any CPU
		{6D2761A0-07D7-4A37-9A77-4DF67842DD98}.Debug|x86.Build.0 = Debug|Any CPU
		{6D2761A0-07D7-4A37-9A77-4DF67842DD98}.Release|Any CPU.ActiveCfg = Release|Any CPU
		{6D2761A0-07D7-4A37-9A77-4DF67842DD98}.Release|Any CPU.Build.0 = Release|Any CPU
		{6D2761A0-07D7-4A37-9A77-4DF67842DD98}.Release|ARM.ActiveCfg = Release|Any CPU
		{6D2761A0-07D7-4A37-9A77-4DF67842DD98}.Release|ARM.Build.0 = Release|Any CPU
		{6D2761A0-07D7-4A37-9A77-4DF67842DD98}.Release|ARM64.ActiveCfg = Release|Any CPU
		{6D2761A0-07D7-4A37-9A77-4DF67842DD98}.Release|ARM64.Build.0 = Release|Any CPU
		{6D2761A0-07D7-4A37-9A77-4DF67842DD98}.Release|x64.ActiveCfg = Release|Any CPU
		{6D2761A0-07D7-4A37-9A77-4DF67842DD98}.Release|x64.Build.0 = Release|Any CPU
		{6D2761A0-07D7-4A37-9A77-4DF67842DD98}.Release|x86.ActiveCfg = Release|Any CPU
		{6D2761A0-07D7-4A37-9A77-4DF67842DD98}.Release|x86.Build.0 = Release|Any CPU
		{53C1F92F-D23D-4C2E-A481-08E4818DEFDA}.Debug|Any CPU.ActiveCfg = Debug|Any CPU
		{53C1F92F-D23D-4C2E-A481-08E4818DEFDA}.Debug|Any CPU.Build.0 = Debug|Any CPU
		{53C1F92F-D23D-4C2E-A481-08E4818DEFDA}.Debug|ARM.ActiveCfg = Debug|Any CPU
		{53C1F92F-D23D-4C2E-A481-08E4818DEFDA}.Debug|ARM.Build.0 = Debug|Any CPU
		{53C1F92F-D23D-4C2E-A481-08E4818DEFDA}.Debug|ARM64.ActiveCfg = Debug|Any CPU
		{53C1F92F-D23D-4C2E-A481-08E4818DEFDA}.Debug|ARM64.Build.0 = Debug|Any CPU
		{53C1F92F-D23D-4C2E-A481-08E4818DEFDA}.Debug|x64.ActiveCfg = Debug|Any CPU
		{53C1F92F-D23D-4C2E-A481-08E4818DEFDA}.Debug|x64.Build.0 = Debug|Any CPU
		{53C1F92F-D23D-4C2E-A481-08E4818DEFDA}.Debug|x86.ActiveCfg = Debug|Any CPU
		{53C1F92F-D23D-4C2E-A481-08E4818DEFDA}.Debug|x86.Build.0 = Debug|Any CPU
		{53C1F92F-D23D-4C2E-A481-08E4818DEFDA}.Release|Any CPU.ActiveCfg = Release|Any CPU
		{53C1F92F-D23D-4C2E-A481-08E4818DEFDA}.Release|Any CPU.Build.0 = Release|Any CPU
		{53C1F92F-D23D-4C2E-A481-08E4818DEFDA}.Release|ARM.ActiveCfg = Release|Any CPU
		{53C1F92F-D23D-4C2E-A481-08E4818DEFDA}.Release|ARM.Build.0 = Release|Any CPU
		{53C1F92F-D23D-4C2E-A481-08E4818DEFDA}.Release|ARM64.ActiveCfg = Release|Any CPU
		{53C1F92F-D23D-4C2E-A481-08E4818DEFDA}.Release|ARM64.Build.0 = Release|Any CPU
		{53C1F92F-D23D-4C2E-A481-08E4818DEFDA}.Release|x64.ActiveCfg = Release|Any CPU
		{53C1F92F-D23D-4C2E-A481-08E4818DEFDA}.Release|x64.Build.0 = Release|Any CPU
		{53C1F92F-D23D-4C2E-A481-08E4818DEFDA}.Release|x86.ActiveCfg = Release|Any CPU
		{53C1F92F-D23D-4C2E-A481-08E4818DEFDA}.Release|x86.Build.0 = Release|Any CPU
		{3D1A2A04-A60D-48F7-AF9E-CC058A64664E}.Debug|Any CPU.ActiveCfg = Debug|x86
		{3D1A2A04-A60D-48F7-AF9E-CC058A64664E}.Debug|ARM.ActiveCfg = Debug|ARM
		{3D1A2A04-A60D-48F7-AF9E-CC058A64664E}.Debug|ARM.Build.0 = Debug|ARM
		{3D1A2A04-A60D-48F7-AF9E-CC058A64664E}.Debug|ARM.Deploy.0 = Debug|ARM
		{3D1A2A04-A60D-48F7-AF9E-CC058A64664E}.Debug|ARM64.ActiveCfg = Debug|ARM64
		{3D1A2A04-A60D-48F7-AF9E-CC058A64664E}.Debug|ARM64.Build.0 = Debug|ARM64
		{3D1A2A04-A60D-48F7-AF9E-CC058A64664E}.Debug|ARM64.Deploy.0 = Debug|ARM64
		{3D1A2A04-A60D-48F7-AF9E-CC058A64664E}.Debug|x64.ActiveCfg = Debug|x64
		{3D1A2A04-A60D-48F7-AF9E-CC058A64664E}.Debug|x64.Build.0 = Debug|x64
		{3D1A2A04-A60D-48F7-AF9E-CC058A64664E}.Debug|x64.Deploy.0 = Debug|x64
		{3D1A2A04-A60D-48F7-AF9E-CC058A64664E}.Debug|x86.ActiveCfg = Debug|x86
		{3D1A2A04-A60D-48F7-AF9E-CC058A64664E}.Debug|x86.Build.0 = Debug|x86
		{3D1A2A04-A60D-48F7-AF9E-CC058A64664E}.Debug|x86.Deploy.0 = Debug|x86
		{3D1A2A04-A60D-48F7-AF9E-CC058A64664E}.Release|Any CPU.ActiveCfg = Release|x86
		{3D1A2A04-A60D-48F7-AF9E-CC058A64664E}.Release|ARM.ActiveCfg = Release|ARM
		{3D1A2A04-A60D-48F7-AF9E-CC058A64664E}.Release|ARM.Build.0 = Release|ARM
		{3D1A2A04-A60D-48F7-AF9E-CC058A64664E}.Release|ARM.Deploy.0 = Release|ARM
		{3D1A2A04-A60D-48F7-AF9E-CC058A64664E}.Release|ARM64.ActiveCfg = Release|ARM64
		{3D1A2A04-A60D-48F7-AF9E-CC058A64664E}.Release|ARM64.Build.0 = Release|ARM64
		{3D1A2A04-A60D-48F7-AF9E-CC058A64664E}.Release|ARM64.Deploy.0 = Release|ARM64
		{3D1A2A04-A60D-48F7-AF9E-CC058A64664E}.Release|x64.ActiveCfg = Release|x64
		{3D1A2A04-A60D-48F7-AF9E-CC058A64664E}.Release|x64.Build.0 = Release|x64
		{3D1A2A04-A60D-48F7-AF9E-CC058A64664E}.Release|x64.Deploy.0 = Release|x64
		{3D1A2A04-A60D-48F7-AF9E-CC058A64664E}.Release|x86.ActiveCfg = Release|x86
		{3D1A2A04-A60D-48F7-AF9E-CC058A64664E}.Release|x86.Build.0 = Release|x86
		{3D1A2A04-A60D-48F7-AF9E-CC058A64664E}.Release|x86.Deploy.0 = Release|x86
		{FE79A1E3-3786-415C-9BE9-7627D741A154}.Debug|Any CPU.ActiveCfg = Debug|Any CPU
		{FE79A1E3-3786-415C-9BE9-7627D741A154}.Debug|Any CPU.Build.0 = Debug|Any CPU
		{FE79A1E3-3786-415C-9BE9-7627D741A154}.Debug|ARM.ActiveCfg = Debug|Any CPU
		{FE79A1E3-3786-415C-9BE9-7627D741A154}.Debug|ARM.Build.0 = Debug|Any CPU
		{FE79A1E3-3786-415C-9BE9-7627D741A154}.Debug|ARM64.ActiveCfg = Debug|Any CPU
		{FE79A1E3-3786-415C-9BE9-7627D741A154}.Debug|ARM64.Build.0 = Debug|Any CPU
		{FE79A1E3-3786-415C-9BE9-7627D741A154}.Debug|x64.ActiveCfg = Debug|Any CPU
		{FE79A1E3-3786-415C-9BE9-7627D741A154}.Debug|x64.Build.0 = Debug|Any CPU
		{FE79A1E3-3786-415C-9BE9-7627D741A154}.Debug|x86.ActiveCfg = Debug|Any CPU
		{FE79A1E3-3786-415C-9BE9-7627D741A154}.Debug|x86.Build.0 = Debug|Any CPU
		{FE79A1E3-3786-415C-9BE9-7627D741A154}.Release|Any CPU.ActiveCfg = Release|Any CPU
		{FE79A1E3-3786-415C-9BE9-7627D741A154}.Release|Any CPU.Build.0 = Release|Any CPU
		{FE79A1E3-3786-415C-9BE9-7627D741A154}.Release|ARM.ActiveCfg = Release|Any CPU
		{FE79A1E3-3786-415C-9BE9-7627D741A154}.Release|ARM.Build.0 = Release|Any CPU
		{FE79A1E3-3786-415C-9BE9-7627D741A154}.Release|ARM64.ActiveCfg = Release|Any CPU
		{FE79A1E3-3786-415C-9BE9-7627D741A154}.Release|ARM64.Build.0 = Release|Any CPU
		{FE79A1E3-3786-415C-9BE9-7627D741A154}.Release|x64.ActiveCfg = Release|Any CPU
		{FE79A1E3-3786-415C-9BE9-7627D741A154}.Release|x64.Build.0 = Release|Any CPU
		{FE79A1E3-3786-415C-9BE9-7627D741A154}.Release|x86.ActiveCfg = Release|Any CPU
		{FE79A1E3-3786-415C-9BE9-7627D741A154}.Release|x86.Build.0 = Release|Any CPU
	EndGlobalSection
	GlobalSection(SolutionProperties) = preSolution
		HideSolutionNode = FALSE
	EndGlobalSection
	GlobalSection(ExtensibilityGlobals) = postSolution
		SolutionGuid = {6700312C-28B7-42EC-AE63-D914E6C6A9A1}
	EndGlobalSection
EndGlobal
