
Microsoft Visual Studio Solution File, Format Version 12.00
# Visual Studio Version 16
VisualStudioVersion = 16.0.30907.101
MinimumVisualStudioVersion = 10.0.40219.1
Project("{FAE04EC0-301F-11D3-BF4B-00C04F79EFBC}") = "WebFormsHotel", "WebFormsHotel\WebFormsHotel.csproj", "{BB327C7F-A42C-4BD6-BA28-3E9881DA5BEF}"
EndProject
Project("{FAE04EC0-301F-11D3-BF4B-00C04F79EFBC}") = "DesktopWPFHotel", "DesktopWPFHotel\DesktopWPFHotel.csproj", "{6D2761A0-07D7-4A37-9A77-4DF67842DD98}"
EndProject
Global
	GlobalSection(SolutionConfigurationPlatforms) = preSolution
		Debug|Any CPU = Debug|Any CPU
		Release|Any CPU = Release|Any CPU
	EndGlobalSection
	GlobalSection(ProjectConfigurationPlatforms) = postSolution
		{BB327C7F-A42C-4BD6-BA28-3E9881DA5BEF}.Debug|Any CPU.ActiveCfg = Debug|Any CPU
		{BB327C7F-A42C-4BD6-BA28-3E9881DA5BEF}.Debug|Any CPU.Build.0 = Debug|Any CPU
		{BB327C7F-A42C-4BD6-BA28-3E9881DA5BEF}.Release|Any CPU.ActiveCfg = Release|Any CPU
		{BB327C7F-A42C-4BD6-BA28-3E9881DA5BEF}.Release|Any CPU.Build.0 = Release|Any CPU
		{6D2761A0-07D7-4A37-9A77-4DF67842DD98}.Debug|Any CPU.ActiveCfg = Debug|Any CPU
		{6D2761A0-07D7-4A37-9A77-4DF67842DD98}.Debug|Any CPU.Build.0 = Debug|Any CPU
		{6D2761A0-07D7-4A37-9A77-4DF67842DD98}.Release|Any CPU.ActiveCfg = Release|Any CPU
		{6D2761A0-07D7-4A37-9A77-4DF67842DD98}.Release|Any CPU.Build.0 = Release|Any CPU
	EndGlobalSection
	GlobalSection(SolutionProperties) = preSolution
		HideSolutionNode = FALSE
	EndGlobalSection
	GlobalSection(ExtensibilityGlobals) = postSolution
		SolutionGuid = {6700312C-28B7-42EC-AE63-D914E6C6A9A1}
	EndGlobalSection
EndGlobal
